
Microsoft Visual Studio Solution File, Format Version 12.00
# Visual Studio Version 17
VisualStudioVersion = 17.14.36414.22 d17.14
MinimumVisualStudioVersion = 10.0.40219.1
Project("{FAE04EC0-301F-11D3-BF4B-00C04F79EFBC}") = "Algorithms", "Algorithms\Algorithms.csproj", "{0DFA1C14-1629-4C92-954A-5FEAEEAF945D}"
EndProject
Project("{FAE04EC0-301F-11D3-BF4B-00C04F79EFBC}") = "Algorithms.Tests", "Algorithms.Tests\Algorithms.Tests.csproj", "{0FF238A0-1FA0-4F13-95D9-01B9013525C3}"
EndProject
Global
	GlobalSection(SolutionConfigurationPlatforms) = preSolution
		Debug|Any CPU = Debug|Any CPU
		Release|Any CPU = Release|Any CPU
	EndGlobalSection
	GlobalSection(ProjectConfigurationPlatforms) = postSolution
		{0DFA1C14-1629-4C92-954A-5FEAEEAF945D}.Debug|Any CPU.ActiveCfg = Debug|Any CPU
		{0DFA1C14-1629-4C92-954A-5FEAEEAF945D}.Debug|Any CPU.Build.0 = Debug|Any CPU
		{0DFA1C14-1629-4C92-954A-5FEAEEAF945D}.Release|Any CPU.ActiveCfg = Release|Any CPU
		{0DFA1C14-1629-4C92-954A-5FEAEEAF945D}.Release|Any CPU.Build.0 = Release|Any CPU
		{0FF238A0-1FA0-4F13-95D9-01B9013525C3}.Debug|Any CPU.ActiveCfg = Debug|Any CPU
		{0FF238A0-1FA0-4F13-95D9-01B9013525C3}.Debug|Any CPU.Build.0 = Debug|Any CPU
		{0FF238A0-1FA0-4F13-95D9-01B9013525C3}.Release|Any CPU.ActiveCfg = Release|Any CPU
		{0FF238A0-1FA0-4F13-95D9-01B9013525C3}.Release|Any CPU.Build.0 = Release|Any CPU
	EndGlobalSection
	GlobalSection(SolutionProperties) = preSolution
		HideSolutionNode = FALSE
	EndGlobalSection
	GlobalSection(ExtensibilityGlobals) = postSolution
		SolutionGuid = {06C028D7-591C-4AC9-9B20-464FA6F57533}
	EndGlobalSection
EndGlobal
